
Microsoft Visual Studio Solution File, Format Version 12.00
# Visual Studio 15
VisualStudioVersion = 15.0.28307.271
MinimumVisualStudioVersion = 10.0.40219.1
Project("{FAE04EC0-301F-11D3-BF4B-00C04F79EFBC}") = "JsonConvertor", "JsonConvertor\JsonConvertor.csproj", "{4F3ECE47-6978-4C3F-84A5-7F48D99DEE3E}"
EndProject
Project("{FAE04EC0-301F-11D3-BF4B-00C04F79EFBC}") = "JsonConvertor.Tests", "JsonConvertor.Tests\JsonConvertor.Tests.csproj", "{3FF409F8-68D2-4D86-B333-AB63C4896F2E}"
EndProject
Global
	GlobalSection(SolutionConfigurationPlatforms) = preSolution
		Debug|Any CPU = Debug|Any CPU
		Release|Any CPU = Release|Any CPU
	EndGlobalSection
	GlobalSection(ProjectConfigurationPlatforms) = postSolution
		{4F3ECE47-6978-4C3F-84A5-7F48D99DEE3E}.Debug|Any CPU.ActiveCfg = Debug|Any CPU
		{4F3ECE47-6978-4C3F-84A5-7F48D99DEE3E}.Debug|Any CPU.Build.0 = Debug|Any CPU
		{4F3ECE47-6978-4C3F-84A5-7F48D99DEE3E}.Release|Any CPU.ActiveCfg = Release|Any CPU
		{4F3ECE47-6978-4C3F-84A5-7F48D99DEE3E}.Release|Any CPU.Build.0 = Release|Any CPU
		{3FF409F8-68D2-4D86-B333-AB63C4896F2E}.Debug|Any CPU.ActiveCfg = Debug|Any CPU
		{3FF409F8-68D2-4D86-B333-AB63C4896F2E}.Debug|Any CPU.Build.0 = Debug|Any CPU
		{3FF409F8-68D2-4D86-B333-AB63C4896F2E}.Release|Any CPU.ActiveCfg = Release|Any CPU
		{3FF409F8-68D2-4D86-B333-AB63C4896F2E}.Release|Any CPU.Build.0 = Release|Any CPU
	EndGlobalSection
	GlobalSection(SolutionProperties) = preSolution
		HideSolutionNode = FALSE
	EndGlobalSection
	GlobalSection(ExtensibilityGlobals) = postSolution
		SolutionGuid = {3A1BB102-77C3-4EBA-95ED-518BF5CF54CF}
	EndGlobalSection
EndGlobal
